
Microsoft Visual Studio Solution File, Format Version 12.00
# Visual Studio Version 16
VisualStudioVersion = 16.0.31410.357
MinimumVisualStudioVersion = 10.0.40219.1
Project("{FAE04EC0-301F-11D3-BF4B-00C04F79EFBC}") = "LowesTest", "LowesTest\LowesTest.csproj", "{CEE5CADC-92F1-4420-95BB-556C85BCF3DB}"
EndProject
Global
	GlobalSection(SolutionConfigurationPlatforms) = preSolution
		Debug|Any CPU = Debug|Any CPU
		Release|Any CPU = Release|Any CPU
	EndGlobalSection
	GlobalSection(ProjectConfigurationPlatforms) = postSolution
		{CEE5CADC-92F1-4420-95BB-556C85BCF3DB}.Debug|Any CPU.ActiveCfg = Debug|Any CPU
		{CEE5CADC-92F1-4420-95BB-556C85BCF3DB}.Debug|Any CPU.Build.0 = Debug|Any CPU
		{CEE5CADC-92F1-4420-95BB-556C85BCF3DB}.Release|Any CPU.ActiveCfg = Release|Any CPU
		{CEE5CADC-92F1-4420-95BB-556C85BCF3DB}.Release|Any CPU.Build.0 = Release|Any CPU
	EndGlobalSection
	GlobalSection(SolutionProperties) = preSolution
		HideSolutionNode = FALSE
	EndGlobalSection
	GlobalSection(ExtensibilityGlobals) = postSolution
		SolutionGuid = {87266325-6DCD-4D07-B11F-847D3A32277E}
	EndGlobalSection
EndGlobal
